
Microsoft Visual Studio Solution File, Format Version 12.00
# Visual Studio Version 17
VisualStudioVersion = 17.13.35825.156 d17.13
MinimumVisualStudioVersion = 10.0.40219.1
Project("{FAE04EC0-301F-11D3-BF4B-00C04F79EFBC}") = "BudgetGamingPhones", "BudgetGamingPhones\BudgetGamingPhones.csproj", "{55083413-9D81-4852-9649-ED9D2E0D8CFE}"
EndProject
Global
	GlobalSection(SolutionConfigurationPlatforms) = preSolution
		Debug|Any CPU = Debug|Any CPU
		Release|Any CPU = Release|Any CPU
	EndGlobalSection
	GlobalSection(ProjectConfigurationPlatforms) = postSolution
		{55083413-9D81-4852-9649-ED9D2E0D8CFE}.Debug|Any CPU.ActiveCfg = Debug|Any CPU
		{55083413-9D81-4852-9649-ED9D2E0D8CFE}.Debug|Any CPU.Build.0 = Debug|Any CPU
		{55083413-9D81-4852-9649-ED9D2E0D8CFE}.Release|Any CPU.ActiveCfg = Release|Any CPU
		{55083413-9D81-4852-9649-ED9D2E0D8CFE}.Release|Any CPU.Build.0 = Release|Any CPU
	EndGlobalSection
	GlobalSection(SolutionProperties) = preSolution
		HideSolutionNode = FALSE
	EndGlobalSection
	GlobalSection(ExtensibilityGlobals) = postSolution
		SolutionGuid = {52B943D1-4B2A-4614-835D-4DE3DCCFBFE4}
	EndGlobalSection
EndGlobal
