
Microsoft Visual Studio Solution File, Format Version 12.00
# Visual Studio Version 17
VisualStudioVersion = 17.13.35825.156
MinimumVisualStudioVersion = 10.0.40219.1
Project("{FAE04EC0-301F-11D3-BF4B-00C04F79EFBC}") = "BudgetGamingPhones", "BudgetGamingPhones\BudgetGamingPhones.csproj", "{55083413-9D81-4852-9649-ED9D2E0D8CFE}"
EndProject
Project("{FAE04EC0-301F-11D3-BF4B-00C04F79EFBC}") = "InfinixShop_BusinessLogic", "InfinixShop_BusinessLogic\InfinixShop_BusinessLogic.csproj", "{B47B816E-5213-435A-8CFC-4A228D9E7BC6}"
EndProject
Project("{FAE04EC0-301F-11D3-BF4B-00C04F79EFBC}") = "InfinixShop_DataLogic", "InfinixShop_DataLogic\InfinixShop_DataLogic.csproj", "{4E23BC1E-3A25-4229-A45D-CF20E126D804}"
EndProject
Project("{FAE04EC0-301F-11D3-BF4B-00C04F79EFBC}") = "InfinixShop_Common", "InfinixShop_Common\InfinixShop_Common.csproj", "{AFA7A797-ECA8-4003-9295-0BEF4B2CA173}"
EndProject
Global
	GlobalSection(SolutionConfigurationPlatforms) = preSolution
		Debug|Any CPU = Debug|Any CPU
		Release|Any CPU = Release|Any CPU
	EndGlobalSection
	GlobalSection(ProjectConfigurationPlatforms) = postSolution
		{55083413-9D81-4852-9649-ED9D2E0D8CFE}.Debug|Any CPU.ActiveCfg = Debug|Any CPU
		{55083413-9D81-4852-9649-ED9D2E0D8CFE}.Debug|Any CPU.Build.0 = Debug|Any CPU
		{55083413-9D81-4852-9649-ED9D2E0D8CFE}.Release|Any CPU.ActiveCfg = Release|Any CPU
		{55083413-9D81-4852-9649-ED9D2E0D8CFE}.Release|Any CPU.Build.0 = Release|Any CPU
		{B47B816E-5213-435A-8CFC-4A228D9E7BC6}.Debug|Any CPU.ActiveCfg = Debug|Any CPU
		{B47B816E-5213-435A-8CFC-4A228D9E7BC6}.Debug|Any CPU.Build.0 = Debug|Any CPU
		{B47B816E-5213-435A-8CFC-4A228D9E7BC6}.Release|Any CPU.ActiveCfg = Release|Any CPU
		{B47B816E-5213-435A-8CFC-4A228D9E7BC6}.Release|Any CPU.Build.0 = Release|Any CPU
		{4E23BC1E-3A25-4229-A45D-CF20E126D804}.Debug|Any CPU.ActiveCfg = Debug|Any CPU
		{4E23BC1E-3A25-4229-A45D-CF20E126D804}.Debug|Any CPU.Build.0 = Debug|Any CPU
		{4E23BC1E-3A25-4229-A45D-CF20E126D804}.Release|Any CPU.ActiveCfg = Release|Any CPU
		{4E23BC1E-3A25-4229-A45D-CF20E126D804}.Release|Any CPU.Build.0 = Release|Any CPU
		{AFA7A797-ECA8-4003-9295-0BEF4B2CA173}.Debug|Any CPU.ActiveCfg = Debug|Any CPU
		{AFA7A797-ECA8-4003-9295-0BEF4B2CA173}.Debug|Any CPU.Build.0 = Debug|Any CPU
		{AFA7A797-ECA8-4003-9295-0BEF4B2CA173}.Release|Any CPU.ActiveCfg = Release|Any CPU
		{AFA7A797-ECA8-4003-9295-0BEF4B2CA173}.Release|Any CPU.Build.0 = Release|Any CPU
	EndGlobalSection
	GlobalSection(SolutionProperties) = preSolution
		HideSolutionNode = FALSE
	EndGlobalSection
	GlobalSection(ExtensibilityGlobals) = postSolution
		SolutionGuid = {52B943D1-4B2A-4614-835D-4DE3DCCFBFE4}
	EndGlobalSection
EndGlobal
